<?xml version="1.0" encoding="utf-8"?>
<Project ToolsVersion="4.0" xmlns="http://schemas.microsoft.com/developer/msbuild/2003">
  <ItemGroup>
    <Filter Include="Source Files">
      <UniqueIdentifier>{4FC737F1-C7A5-4376-A066-2A32D752A2FF}</UniqueIdentifier>
      <Extensions>cpp;c;cc;cxx;def;odl;idl;hpj;bat;asm;asmx</Extensions>
    </Filter>
    <Filter Include="Header Files">
      <UniqueIdentifier>{93995380-89BD-4b04-88EB-625FBE52EBFB}</UniqueIdentifier>
      <Extensions>h;hh;hpp;hxx;hm;inl;inc;xsd</Extensions>
    </Filter>
    <Filter Include="Resource Files">
      <UniqueIdentifier>{67DA6AB6-F800-4c08-8B7A-83BB121AAD01}</UniqueIdentifier>
      <Extensions>rc;ico;cur;bmp;dlg;rc2;rct;bin;rgs;gif;jpg;jpeg;jpe;resx;tiff;tif;png;wav;mfcribbon-ms</Extensions>
    </Filter>
    <Filter Include="Textures">
      <UniqueIdentifier>{1dca88f7-c8ea-4d75-a63d-b21e2a7dac56}</UniqueIdentifier>
    </Filter>
    <Filter Include="Shaders">
      <UniqueIdentifier>{4b1d4e31-3317-45c4-b86f-20f73548d0d2}</UniqueIdentifier>
    </Filter>
    <Filter Include="Fonts">
      <UniqueIdentifier>{77539879-8601-4bca-9974-2623d993fe54}</UniqueIdentifier>
    </Filter>
    <Filter Include="Docs">
      <UniqueIdentifier>{11745c76-d74e-486f-817f-d007a0c7e2f2}</UniqueIdentifier>
    </Filter>
    <Filter Include="UIClasses">
      <UniqueIdentifier>{024e47de-bae9-449a-b6d6-184fb73afa36}</UniqueIdentifier>
    </Filter>
    <Filter Include="UIHeaders">
      <UniqueIdentifier>{f1196756-e604-4f42-8c82-2e21d055c37c}</UniqueIdentifier>
    </Filter>
  </ItemGroup>
  <ItemGroup>
    <ClCompile Include="Main.cpp">
      <Filter>Source Files</Filter>
    </ClCompile>
    <ClCompile Include="Font.cpp">
      <Filter>Source Files</Filter>
    </ClCompile>
    <ClCompile Include="PerlinNoise.cpp">
      <Filter>Source Files</Filter>
    </ClCompile>
    <ClCompile Include="ChunkHandler.cpp">
      <Filter>Source Files</Filter>
    </ClCompile>
    <ClCompile Include="Label.cpp">
      <Filter>UIClasses</Filter>
    </ClCompile>
    <ClCompile Include="UI.cpp">
      <Filter>UIClasses</Filter>
    </ClCompile>
    <ClCompile Include="UIElement.cpp">
      <Filter>UIClasses</Filter>
    </ClCompile>
  </ItemGroup>
  <ItemGroup>
    <ClInclude Include="Camera.h">
      <Filter>Header Files</Filter>
    </ClInclude>
    <ClInclude Include="Main.h">
      <Filter>Header Files</Filter>
    </ClInclude>
    <ClInclude Include="Shader.h">
      <Filter>Header Files</Filter>
    </ClInclude>
    <ClInclude Include="Font.h">
      <Filter>Header Files</Filter>
    </ClInclude>
    <ClInclude Include="Character.h">
      <Filter>Header Files</Filter>
    </ClInclude>
    <ClInclude Include="PerlinNoise.h">
      <Filter>Header Files</Filter>
    </ClInclude>
    <ClInclude Include="Chunk.h">
      <Filter>Header Files</Filter>
    </ClInclude>
    <ClInclude Include="ChunkHandler.h">
      <Filter>Header Files</Filter>
    </ClInclude>
    <ClInclude Include="BMath.h">
      <Filter>Header Files</Filter>
    </ClInclude>
    <ClInclude Include="Label.h">
      <Filter>UIHeaders</Filter>
    </ClInclude>
    <ClInclude Include="UI.h">
      <Filter>UIHeaders</Filter>
    </ClInclude>
    <ClInclude Include="UIElement.h">
      <Filter>UIHeaders</Filter>
    </ClInclude>
    <ClInclude Include="Defines.h">
      <Filter>Header Files</Filter>
    </ClInclude>
  </ItemGroup>
  <ItemGroup>
    <None Include="Shaders\depth.frag">
      <Filter>Shaders</Filter>
    </None>
    <None Include="Shaders\depth.vs">
      <Filter>Shaders</Filter>
    </None>
    <None Include="Shaders\text.frag">
      <Filter>Shaders</Filter>
    </None>
    <None Include="Shaders\text.vs">
      <Filter>Shaders</Filter>
    </None>
    <None Include="Docs\Issues Annotations.md">
      <Filter>Docs</Filter>
    </None>
  </ItemGroup>
  <ItemGroup>
    <Image Include="Textures\brickwall.jpg">
      <Filter>Textures</Filter>
    </Image>
    <Image Include="Textures\container.jpg">
      <Filter>Textures</Filter>
    </Image>
    <Image Include="Textures\metal.png">
      <Filter>Textures</Filter>
    </Image>
    <Image Include="Textures\rock.png">
      <Filter>Textures</Filter>
    </Image>
    <Image Include="Textures\dirt.png">
      <Filter>Textures</Filter>
    </Image>
    <Image Include="Textures\grass.jpg">
      <Filter>Textures</Filter>
    </Image>
    <Image Include="Textures\bw.png">
      <Filter>Textures</Filter>
    </Image>
    <Image Include="Textures\grassReal.png">
      <Filter>Textures</Filter>
    </Image>
  </ItemGroup>
  <ItemGroup>
    <Font Include="Fonts\arial.ttf">
      <Filter>Fonts</Filter>
    </Font>
    <Font Include="Fonts\arialbd.ttf">
      <Filter>Fonts</Filter>
    </Font>
    <Font Include="Fonts\ariali.ttf">
      <Filter>Fonts</Filter>
    </Font>
  </ItemGroup>
</Project>